github.com/PuerkitoBio/purell v1.2.1 h1:QsZ4TjvwiMpat6gBCBxEQI0rcS9ehtkKtSpiUnd9N28=
github.com/PuerkitoBio/purell v1.2.1/go.mod h1:ZwHcC/82TOaovDi//J/804umJFFmbOHPngi8iYYv/Eo=
github.com/a-h/templ v0.2.707 h1:T1Gkd2ugbRglZ9rYw/VBchWOSZVKmetDbBkm4YubM7U=
github.com/a-h/templ v0.2.707/go.mod h1:5cqsugkq9IerRNucNsI4DEamdHPsoGMQy99DzydLhM8=
github.com/antlr4-go/antlr/v4 v4.13.0 h1:lxCg3LAv+EUK6t1i0y1V6/SLeUi0eKEKdhQAlS8TVTI=
github.com/antlr4-go/antlr/v4 v4.13.0/go.mod h1:pfChB/xh/Unjila75QW7+VU4TSnWnnk9UTnmpPaOR2g=
github.com/caarlos0/env/v11 v11.0.1 h1:A8dDt9Ub9ybqRSUF3fQc/TA/gTam2bKT4Pit+cwrsPs=
github.com/caarlos0/env/v11 v11.0.1/go.mod h1:2RC3HQu8BQqtEK3V4iHPxj0jOdWdbPpWJ6pOueeU1xM=
github.com/joho/godotenv v1.5.1 h1:7eLL/+HRGLY0ldzfGMeQkb7vMd0as4CfYvUVzLqw0N0=
github.com/joho/godotenv v1.5.1/go.mod h1:f4LDr5Voq0i2e/R5DDNOoa2zzDfwtkZa6DnEwAbqwq4=
github.com/libsql/sqlite-antlr4-parser v0.0.0-20240327125255-dbf53b6cbf06 h1:JLvn7D+wXjH9g4Jsjo+VqmzTUpl/LX7vfr6VOfSWTdM=
github.com/libsql/sqlite-antlr4-parser v0.0.0-20240327125255-dbf53b6cbf06/go.mod h1:FUkZ5OHjlGPjnM2UyGJz9TypXQFgYqw6AFNO1UiROTM=
github.com/mattn/go-sqlite3 v1.14.22 h1:2gZY6PC6kBnID23Tichd1K+Z0oS6nE/XwU+Vz/5o4kU=
github.com/mattn/go-sqlite3 v1.14.22/go.mod h1:Uh1q+B4BYcTPb+yiD3kU8Ct7aC0hY9fxUwlHK0RXw+Y=
github.com/tursodatabase/go-libsql v0.0.0-20240429120401-651096bbee0b h1:R7hev4b96zgXjKbS2ZNbHBnDvyFZhH+LlMqtKH6hIkU=
github.com/tursodatabase/go-libsql v0.0.0-20240429120401-651096bbee0b/go.mod h1:TjsB2miB8RW2Sse8sdxzVTdeGlx74GloD5zJYUC38d8=
golang.org/x/exp v0.0.0-20230515195305-f3d0a9c9a5cc h1:mCRnTeVUjcrhlRmO0VK8a6k6Rrf6TF9htwo2pJVSjIU=
golang.org/x/exp v0.0.0-20230515195305-f3d0a9c9a5cc/go.mod h1:V1LtkGg67GoY2N1AnLN78QLrzxkLyJw7RJb1gzOOz9w=
golang.org/x/net v0.24.0 h1:1PcaxkF854Fu3+lvBIx5SYn9wRlBzzcnHZSiaFFAb0w=
golang.org/x/net v0.24.0/go.mod h1:2Q7sJY5mzlzWjKtYUEXSlBWCdyaioyXzRB2RtU8KVE8=
golang.org/x/text v0.14.0 h1:ScX5w1eTa3QqT8oi6+ziP7dTV1S2+ALU0bI+0zXKWiQ=
golang.org/x/text v0.14.0/go.mod h1:18ZOQIKpY8NJVqYksKHtTdi31H5itFRjB5/qKTNYzSU=
